// !$*UTF8*$!
{
	archiveVersion = 1;
	classes = {
	};
	objectVersion = 46;
	objects = {

/* Begin PBXBuildFile section */
		493AFAB61C032BD900C9D24B /* main.m in Sources */ = {isa = PBXBuildFile; fileRef = 493AFAB51C032BD900C9D24B /* main.m */; };
		493AFABE1C032C3900C9D24B /* xueer.m in Sources */ = {isa = PBXBuildFile; fileRef = 493AFABD1C032C3900C9D24B /* xueer.m */; };
/* End PBXBuildFile section */

/* Begin PBXCopyFilesBuildPhase section */
		493AFAB01C032BD900C9D24B /* CopyFiles */ = {
			isa = PBXCopyFilesBuildPhase;
			buildActionMask = 2147483647;
			dstPath = /usr/share/man/man1/;
			dstSubfolderSpec = 0;
			files = (
			);
			runOnlyForDeploymentPostprocessing = 1;
		};
/* End PBXCopyFilesBuildPhase section */

/* Begin PBXFileReference section */
		493AFAB21C032BD900C9D24B /* Day - 5作业 */ = {isa = PBXFileReference; explicitFileType = "compiled.mach-o.executable"; includeInIndex = 0; path = "Day - 5作业"; sourceTree = BUILT_PRODUCTS_DIR; };
		493AFAB51C032BD900C9D24B /* main.m */ = {isa = PBXFileReference; lastKnownFileType = sourcecode.c.objc; path = main.m; sourceTree = "<group>"; };
		493AFABC1C032C3900C9D24B /* xueer.h */ = {isa = PBXFileReference; fileEncoding = 4; lastKnownFileType = sourcecode.c.h; path = xueer.h; sourceTree = "<group>"; };
		493AFABD1C032C3900C9D24B /* xueer.m */ = {isa = PBXFileReference; fileEncoding = 4; lastKnownFileType = sourcecode.c.objc; path = xueer.m; sourceTree = "<group>"; };
/* End PBXFileReference section */

/* Begin PBXFrameworksBuildPhase section */
		493AFAAF1C032BD900C9D24B /* Frameworks */ = {
			isa = PBXFrameworksBuildPhase;
			buildActionMask = 2147483647;
			files = (
			);
			runOnlyForDeploymentPostprocessing = 0;
		};
/* End PBXFrameworksBuildPhase section */

/* Begin PBXGroup section */
		493AFAA91C032BD900C9D24B = {
			isa = PBXGroup;
			children = (
				493AFAB41C032BD900C9D24B /* Day - 5作业 */,
				493AFAB31C032BD900C9D24B /* Products */,
			);
			sourceTree = "<group>";
		};
		493AFAB31C032BD900C9D24B /* Products */ = {
			isa = PBXGroup;
			children = (
				493AFAB21C032BD900C9D24B /* Day - 5作业 */,
			);
			name = Products;
			sourceTree = "<group>";
		};
		493AFAB41C032BD900C9D24B /* Day - 5作业 */ = {
			isa = PBXGroup;
			children = (
				493AFAB51C032BD900C9D24B /* main.m */,
				493AFABC1C032C3900C9D24B /* xueer.h */,
				493AFABD1C032C3900C9D24B /* xueer.m */,
			);
			path = "Day - 5作业";
			sourceTree = "<group>";
		};
/* End PBXGroup section */

/* Begin PBXNativeTarget section */
		493AFAB11C032BD900C9D24B /* Day - 5作业 */ = {
			isa = PBXNativeTarget;
			buildConfigurationList = 493AFAB91C032BD900C9D24B /* Build configuration list for PBXNativeTarget "Day - 5作业" */;
			buildPhases = (
				493AFAAE1C032BD900C9D24B /* Sources */,
				493AFAAF1C032BD900C9D24B /* Frameworks */,
				493AFAB01C032BD900C9D24B /* CopyFiles */,
			);
			buildRules = (
			);
			dependencies = (
			);
			name = "Day - 5作业";
			productName = "Day - 5作业";
			productReference = 493AFAB21C032BD900C9D24B /* Day - 5作业 */;
			productType = "com.apple.product-type.tool";
		};
/* End PBXNativeTarget section */

/* Begin PBXProject section */
		493AFAAA1C032BD900C9D24B /* Project object */ = {
			isa = PBXProject;
			attributes = {
				LastUpgradeCheck = 0710;
				ORGANIZATIONNAME = dllo;
				TargetAttributes = {
					493AFAB11C032BD900C9D24B = {
						CreatedOnToolsVersion = 7.1;
					};
				};
			};
			buildConfigurationList = 493AFAAD1C032BD900C9D24B /* Build configuration list for PBXProject "Day - 5作业" */;
			compatibilityVersion = "Xcode 3.2";
			developmentRegion = English;
			hasScannedForEncodings = 0;
			knownRegions = (
				en,
			);
			mainGroup = 493AFAA91C032BD900C9D24B;
			productRefGroup = 493AFAB31C032BD900C9D24B /* Products */;
			projectDirPath = "";
			projectRoot = "";
			targets = (
				493AFAB11C032BD900C9D24B /* Day - 5作业 */,
			);
		};
/* End PBXProject section */

/* Begin PBXSourcesBuildPhase section */
		493AFAAE1C032BD900C9D24B /* Sources */ = {
			isa = PBXSourcesBuildPhase;
			buildActionMask = 2147483647;
			files = (
				493AFAB61C032BD900C9D24B /* main.m in Sources */,
				493AFABE1C032C3900C9D24B /* xueer.m in Sources */,
			);
			runOnlyForDeploymentPostprocessing = 0;
		};
/* End PBXSourcesBuildPhase section */

/* Begin XCBuildConfiguration section */
		493AFAB71C032BD900C9D24B /* Debug */ = {
			isa = XCBuildConfiguration;
			buildSettings = {
				ALWAYS_SEARCH_USER_PATHS = NO;
				CLANG_CXX_LANGUAGE_STANDARD = "gnu++0x";
				CLANG_CXX_LIBRARY = "libc++";
				CLANG_ENABLE_MODULES = YES;
				CLANG_ENABLE_OBJC_ARC = YES;
				CLANG_WARN_BOOL_CONVERSION = YES;
				CLANG_WARN_CONSTANT_CONVERSION = YES;
				CLANG_WARN_DIRECT_OBJC_ISA_USAGE = YES_ERROR;
				CLANG_WARN_EMPTY_BODY = YES;
				CLANG_WARN_ENUM_CONVERSION = YES;
				CLANG_WARN_INT_CONVERSION = YES;
				CLANG_WARN_OBJC_ROOT_CLASS = YES_ERROR;
				CLANG_WARN_UNREACHABLE_CODE = YES;
				CLANG_WARN__DUPLICATE_METHOD_MATCH = YES;
				CODE_SIGN_IDENTITY = "-";
				COPY_PHASE_STRIP = NO;
				DEBUG_INFORMATION_FORMAT = dwarf;
				ENABLE_STRICT_OBJC_MSGSEND = YES;
				ENABLE_TESTABILITY = YES;
				GCC_C_LANGUAGE_STANDARD = gnu99;
				GCC_DYNAMIC_NO_PIC = NO;
				GCC_NO_COMMON_BLOCKS = YES;
				GCC_OPTIMIZATION_LEVEL = 0;
				GCC_PREPROCESSOR_DEFINITIONS = (
					"DEBUG=1",
					"$(inherited)",
				);
				GCC_WARN_64_TO_32_BIT_CONVERSION = YES;
				GCC_WARN_ABOUT_RETURN_TYPE = YES_ERROR;
				GCC_WARN_UNDECLARED_SELECTOR = YES;
				GCC_WARN_UNINITIALIZED_AUTOS = YES_AGGRESSIVE;
				GCC_WARN_UNUSED_FUNCTION = YES;
				GCC_WARN_UNUSED_VARIABLE = YES;
				MACOSX_DEPLOYMENT_TARGET = 10.11;
				MTL_ENABLE_DEBUG_INFO = YES;
				ONLY_ACTIVE_ARCH = YES;
				SDKROOT = macosx;
			};
			name = Debug;
		};
		493AFAB81C032BD900C9D24B /* Release */ = {
			isa = XCBuildConfiguration;
			buildSettings = {
				ALWAYS_SEARCH_USER_PATHS = NO;
				CLANG_CXX_LANGUAGE_STANDARD = "gnu++0x";
				CLANG_CXX_LIBRARY = "libc++";
				CLANG_ENABLE_MODULES = YES;
				CLANG_ENABLE_OBJC_ARC = YES;
				CLANG_WARN_BOOL_CONVERSION = YES;
				CLANG_WARN_CONSTANT_CONVERSION = YES;
				CLANG_WARN_DIRECT_OBJC_ISA_USAGE = YES_ERROR;
				CLANG_WARN_EMPTY_BODY = YES;
				CLANG_WARN_ENUM_CONVERSION = YES;
				CLANG_WARN_INT_CONVERSION = YES;
				CLANG_WARN_OBJC_ROOT_CLASS = YES_ERROR;
				CLANG_WARN_UNREACHABLE_CODE = YES;
				CLANG_WARN__DUPLICATE_METHOD_MATCH = YES;
				CODE_SIGN_IDENTITY = "-";
				COPY_PHASE_STRIP = NO;
				DEBUG_INFORMATION_FORMAT = "dwarf-with-dsym";
				ENABLE_NS_ASSERTIONS = NO;
				ENABLE_STRICT_OBJC_MSGSEND = YES;
				GCC_C_LANGUAGE_STANDARD = gnu99;
				GCC_NO_COMMON_BLOCKS = YES;
				GCC_WARN_64_TO_32_BIT_CONVERSION = YES;
				GCC_WARN_ABOUT_RETURN_TYPE = YES_ERROR;
				GCC_WARN_UNDECLARED_SELECTOR = YES;
				GCC_WARN_UNINITIALIZED_AUTOS = YES_AGGRESSIVE;
				GCC_WARN_UNUSED_FUNCTION = YES;
				GCC_WARN_UNUSED_VARIABLE = YES;
				MACOSX_DEPLOYMENT_TARGET = 10.11;
				MTL_ENABLE_DEBUG_INFO = NO;
				SDKROOT = macosx;
			};
			name = Release;
		};
		493AFABA1C032BD900C9D24B /* Debug */ = {
			isa = XCBuildConfiguration;
			buildSettings = {
				PRODUCT_NAME = "$(TARGET_NAME)";
			};
			name = Debug;
		};
		493AFABB1C032BD900C9D24B /* Release */ = {
			isa = XCBuildConfiguration;
			buildSettings = {
				PRODUCT_NAME = "$(TARGET_NAME)";
			};
			name = Release;
		};
/* End XCBuildConfiguration section */

/* Begin XCConfigurationList section */
		493AFAAD1C032BD900C9D24B /* Build configuration list for PBXProject "Day - 5作业" */ = {
			isa = XCConfigurationList;
			buildConfigurations = (
				493AFAB71C032BD900C9D24B /* Debug */,
				493AFAB81C032BD900C9D24B /* Release */,
			);
			defaultConfigurationIsVisible = 0;
			defaultConfigurationName = Release;
		};
		493AFAB91C032BD900C9D24B /* Build configuration list for PBXNativeTarget "Day - 5作业" */ = {
			isa = XCConfigurationList;
			buildConfigurations = (
				493AFABA1C032BD900C9D24B /* Debug */,
				493AFABB1C032BD900C9D24B /* Release */,
			);
			defaultConfigurationIsVisible = 0;
		};
/* End XCConfigurationList section */
	};
	rootObject = 493AFAAA1C032BD900C9D24B /* Project object */;
}
