// !$*UTF8*$!
{
	archiveVersion = 1;
	classes = {
	};
	objectVersion = 46;
	objects = {

/* Begin PBXBuildFile section */
		49E162F01C032CAB00F90C04 /* main.m in Sources */ = {isa = PBXBuildFile; fileRef = 49E162EF1C032CAB00F90C04 /* main.m */; };
		49E1630B1C032DDD00F90C04 /* C05_课后作业.m in Sources */ = {isa = PBXBuildFile; fileRef = 49E1630A1C032DDD00F90C04 /* C05_课后作业.m */; };
/* End PBXBuildFile section */

/* Begin PBXCopyFilesBuildPhase section */
		49E162EA1C032CAB00F90C04 /* CopyFiles */ = {
			isa = PBXCopyFilesBuildPhase;
			buildActionMask = 2147483647;
			dstPath = /usr/share/man/man1/;
			dstSubfolderSpec = 0;
			files = (
			);
			runOnlyForDeploymentPostprocessing = 1;
		};
/* End PBXCopyFilesBuildPhase section */

/* Begin PBXFileReference section */
		49E162EC1C032CAB00F90C04 /* C05 - 课后作业 */ = {isa = PBXFileReference; explicitFileType = "compiled.mach-o.executable"; includeInIndex = 0; path = "C05 - 课后作业"; sourceTree = BUILT_PRODUCTS_DIR; };
		49E162EF1C032CAB00F90C04 /* main.m */ = {isa = PBXFileReference; lastKnownFileType = sourcecode.c.objc; path = main.m; sourceTree = "<group>"; };
		49E163091C032DDD00F90C04 /* C05_课后作业.h */ = {isa = PBXFileReference; fileEncoding = 4; lastKnownFileType = sourcecode.c.h; path = "C05_课后作业.h"; sourceTree = "<group>"; };
		49E1630A1C032DDD00F90C04 /* C05_课后作业.m */ = {isa = PBXFileReference; fileEncoding = 4; lastKnownFileType = sourcecode.c.objc; path = "C05_课后作业.m"; sourceTree = "<group>"; };
/* End PBXFileReference section */

/* Begin PBXFrameworksBuildPhase section */
		49E162E91C032CAB00F90C04 /* Frameworks */ = {
			isa = PBXFrameworksBuildPhase;
			buildActionMask = 2147483647;
			files = (
			);
			runOnlyForDeploymentPostprocessing = 0;
		};
/* End PBXFrameworksBuildPhase section */

/* Begin PBXGroup section */
		49E162E31C032CAB00F90C04 = {
			isa = PBXGroup;
			children = (
				49E162EE1C032CAB00F90C04 /* C05 - 课后作业 */,
				49E162ED1C032CAB00F90C04 /* Products */,
			);
			sourceTree = "<group>";
		};
		49E162ED1C032CAB00F90C04 /* Products */ = {
			isa = PBXGroup;
			children = (
				49E162EC1C032CAB00F90C04 /* C05 - 课后作业 */,
			);
			name = Products;
			sourceTree = "<group>";
		};
		49E162EE1C032CAB00F90C04 /* C05 - 课后作业 */ = {
			isa = PBXGroup;
			children = (
				49E162EF1C032CAB00F90C04 /* main.m */,
				49E163091C032DDD00F90C04 /* C05_课后作业.h */,
				49E1630A1C032DDD00F90C04 /* C05_课后作业.m */,
			);
			path = "C05 - 课后作业";
			sourceTree = "<group>";
		};
/* End PBXGroup section */

/* Begin PBXNativeTarget section */
		49E162EB1C032CAB00F90C04 /* C05 - 课后作业 */ = {
			isa = PBXNativeTarget;
			buildConfigurationList = 49E162F31C032CAB00F90C04 /* Build configuration list for PBXNativeTarget "C05 - 课后作业" */;
			buildPhases = (
				49E162E81C032CAB00F90C04 /* Sources */,
				49E162E91C032CAB00F90C04 /* Frameworks */,
				49E162EA1C032CAB00F90C04 /* CopyFiles */,
			);
			buildRules = (
			);
			dependencies = (
			);
			name = "C05 - 课后作业";
			productName = "C05 - 课后作业";
			productReference = 49E162EC1C032CAB00F90C04 /* C05 - 课后作业 */;
			productType = "com.apple.product-type.tool";
		};
/* End PBXNativeTarget section */

/* Begin PBXProject section */
		49E162E41C032CAB00F90C04 /* Project object */ = {
			isa = PBXProject;
			attributes = {
				LastUpgradeCheck = 0710;
				ORGANIZATIONNAME = doll;
				TargetAttributes = {
					49E162EB1C032CAB00F90C04 = {
						CreatedOnToolsVersion = 7.1;
					};
				};
			};
			buildConfigurationList = 49E162E71C032CAB00F90C04 /* Build configuration list for PBXProject "C05 - 课后作业" */;
			compatibilityVersion = "Xcode 3.2";
			developmentRegion = English;
			hasScannedForEncodings = 0;
			knownRegions = (
				en,
			);
			mainGroup = 49E162E31C032CAB00F90C04;
			productRefGroup = 49E162ED1C032CAB00F90C04 /* Products */;
			projectDirPath = "";
			projectRoot = "";
			targets = (
				49E162EB1C032CAB00F90C04 /* C05 - 课后作业 */,
			);
		};
/* End PBXProject section */

/* Begin PBXSourcesBuildPhase section */
		49E162E81C032CAB00F90C04 /* Sources */ = {
			isa = PBXSourcesBuildPhase;
			buildActionMask = 2147483647;
			files = (
				49E1630B1C032DDD00F90C04 /* C05_课后作业.m in Sources */,
				49E162F01C032CAB00F90C04 /* main.m in Sources */,
			);
			runOnlyForDeploymentPostprocessing = 0;
		};
/* End PBXSourcesBuildPhase section */

/* Begin XCBuildConfiguration section */
		49E162F11C032CAB00F90C04 /* Debug */ = {
			isa = XCBuildConfiguration;
			buildSettings = {
				ALWAYS_SEARCH_USER_PATHS = NO;
				CLANG_CXX_LANGUAGE_STANDARD = "gnu++0x";
				CLANG_CXX_LIBRARY = "libc++";
				CLANG_ENABLE_MODULES = YES;
				CLANG_ENABLE_OBJC_ARC = YES;
				CLANG_WARN_BOOL_CONVERSION = YES;
				CLANG_WARN_CONSTANT_CONVERSION = YES;
				CLANG_WARN_DIRECT_OBJC_ISA_USAGE = YES_ERROR;
				CLANG_WARN_EMPTY_BODY = YES;
				CLANG_WARN_ENUM_CONVERSION = YES;
				CLANG_WARN_INT_CONVERSION = YES;
				CLANG_WARN_OBJC_ROOT_CLASS = YES_ERROR;
				CLANG_WARN_UNREACHABLE_CODE = YES;
				CLANG_WARN__DUPLICATE_METHOD_MATCH = YES;
				CODE_SIGN_IDENTITY = "-";
				COPY_PHASE_STRIP = NO;
				DEBUG_INFORMATION_FORMAT = dwarf;
				ENABLE_STRICT_OBJC_MSGSEND = YES;
				ENABLE_TESTABILITY = YES;
				GCC_C_LANGUAGE_STANDARD = gnu99;
				GCC_DYNAMIC_NO_PIC = NO;
				GCC_NO_COMMON_BLOCKS = YES;
				GCC_OPTIMIZATION_LEVEL = 0;
				GCC_PREPROCESSOR_DEFINITIONS = (
					"DEBUG=1",
					"$(inherited)",
				);
				GCC_WARN_64_TO_32_BIT_CONVERSION = YES;
				GCC_WARN_ABOUT_RETURN_TYPE = YES_ERROR;
				GCC_WARN_UNDECLARED_SELECTOR = YES;
				GCC_WARN_UNINITIALIZED_AUTOS = YES_AGGRESSIVE;
				GCC_WARN_UNUSED_FUNCTION = YES;
				GCC_WARN_UNUSED_VARIABLE = YES;
				MACOSX_DEPLOYMENT_TARGET = 10.11;
				MTL_ENABLE_DEBUG_INFO = YES;
				ONLY_ACTIVE_ARCH = YES;
				SDKROOT = macosx;
			};
			name = Debug;
		};
		49E162F21C032CAB00F90C04 /* Release */ = {
			isa = XCBuildConfiguration;
			buildSettings = {
				ALWAYS_SEARCH_USER_PATHS = NO;
				CLANG_CXX_LANGUAGE_STANDARD = "gnu++0x";
				CLANG_CXX_LIBRARY = "libc++";
				CLANG_ENABLE_MODULES = YES;
				CLANG_ENABLE_OBJC_ARC = YES;
				CLANG_WARN_BOOL_CONVERSION = YES;
				CLANG_WARN_CONSTANT_CONVERSION = YES;
				CLANG_WARN_DIRECT_OBJC_ISA_USAGE = YES_ERROR;
				CLANG_WARN_EMPTY_BODY = YES;
				CLANG_WARN_ENUM_CONVERSION = YES;
				CLANG_WARN_INT_CONVERSION = YES;
				CLANG_WARN_OBJC_ROOT_CLASS = YES_ERROR;
				CLANG_WARN_UNREACHABLE_CODE = YES;
				CLANG_WARN__DUPLICATE_METHOD_MATCH = YES;
				CODE_SIGN_IDENTITY = "-";
				COPY_PHASE_STRIP = NO;
				DEBUG_INFORMATION_FORMAT = "dwarf-with-dsym";
				ENABLE_NS_ASSERTIONS = NO;
				ENABLE_STRICT_OBJC_MSGSEND = YES;
				GCC_C_LANGUAGE_STANDARD = gnu99;
				GCC_NO_COMMON_BLOCKS = YES;
				GCC_WARN_64_TO_32_BIT_CONVERSION = YES;
				GCC_WARN_ABOUT_RETURN_TYPE = YES_ERROR;
				GCC_WARN_UNDECLARED_SELECTOR = YES;
				GCC_WARN_UNINITIALIZED_AUTOS = YES_AGGRESSIVE;
				GCC_WARN_UNUSED_FUNCTION = YES;
				GCC_WARN_UNUSED_VARIABLE = YES;
				MACOSX_DEPLOYMENT_TARGET = 10.11;
				MTL_ENABLE_DEBUG_INFO = NO;
				SDKROOT = macosx;
			};
			name = Release;
		};
		49E162F41C032CAB00F90C04 /* Debug */ = {
			isa = XCBuildConfiguration;
			buildSettings = {
				PRODUCT_NAME = "$(TARGET_NAME)";
			};
			name = Debug;
		};
		49E162F51C032CAB00F90C04 /* Release */ = {
			isa = XCBuildConfiguration;
			buildSettings = {
				PRODUCT_NAME = "$(TARGET_NAME)";
			};
			name = Release;
		};
/* End XCBuildConfiguration section */

/* Begin XCConfigurationList section */
		49E162E71C032CAB00F90C04 /* Build configuration list for PBXProject "C05 - 课后作业" */ = {
			isa = XCConfigurationList;
			buildConfigurations = (
				49E162F11C032CAB00F90C04 /* Debug */,
				49E162F21C032CAB00F90C04 /* Release */,
			);
			defaultConfigurationIsVisible = 0;
			defaultConfigurationName = Release;
		};
		49E162F31C032CAB00F90C04 /* Build configuration list for PBXNativeTarget "C05 - 课后作业" */ = {
			isa = XCConfigurationList;
			buildConfigurations = (
				49E162F41C032CAB00F90C04 /* Debug */,
				49E162F51C032CAB00F90C04 /* Release */,
			);
			defaultConfigurationIsVisible = 0;
		};
/* End XCConfigurationList section */
	};
	rootObject = 49E162E41C032CAB00F90C04 /* Project object */;
}
